
Microsoft Visual Studio Solution File, Format Version 12.00
# Visual Studio Version 17
VisualStudioVersion = 17.0.31912.275
MinimumVisualStudioVersion = 10.0.40219.1
Project("{9A19103F-16F7-4668-BE54-9A1E7A4F7556}") = "Crusty.Bannerlord.StoryMode.AWomansLot", "Crusty.Bannerlord.StoryMode.AWomansLot.csproj", "{70660517-3490-40BC-B1A8-59EACA641763}"
EndProject
Global
	GlobalSection(SolutionConfigurationPlatforms) = preSolution
		Debug|x64 = Debug|x64
		Release|x64 = Release|x64
	EndGlobalSection
	GlobalSection(ProjectConfigurationPlatforms) = postSolution
		{70660517-3490-40BC-B1A8-59EACA641763}.Debug|x64.ActiveCfg = Debug|x64
		{70660517-3490-40BC-B1A8-59EACA641763}.Debug|x64.Build.0 = Debug|x64
		{70660517-3490-40BC-B1A8-59EACA641763}.Release|x64.ActiveCfg = Release|x64
		{70660517-3490-40BC-B1A8-59EACA641763}.Release|x64.Build.0 = Release|x64
	EndGlobalSection
	GlobalSection(SolutionProperties) = preSolution
		HideSolutionNode = FALSE
	EndGlobalSection
	GlobalSection(ExtensibilityGlobals) = postSolution
		SolutionGuid = {2C19C3A9-0EA8-4117-AD34-946A482BE610}
	EndGlobalSection
EndGlobal
